
Microsoft Visual Studio Solution File, Format Version 12.00
# Visual Studio Version 17
VisualStudioVersion = 17.5.002.0
MinimumVisualStudioVersion = 10.0.40219.1
Project("{9A19103F-16F7-4668-BE54-9A1E7A4F7556}") = "Dependency-Injection-Pattern", "Dependency-Injection-Pattern.csproj", "{1447BCE8-E51B-4075-9E7B-38A3A4879D9E}"
EndProject
Global
	GlobalSection(SolutionConfigurationPlatforms) = preSolution
		Debug|Any CPU = Debug|Any CPU
		Release|Any CPU = Release|Any CPU
	EndGlobalSection
	GlobalSection(ProjectConfigurationPlatforms) = postSolution
		{1447BCE8-E51B-4075-9E7B-38A3A4879D9E}.Debug|Any CPU.ActiveCfg = Debug|Any CPU
		{1447BCE8-E51B-4075-9E7B-38A3A4879D9E}.Debug|Any CPU.Build.0 = Debug|Any CPU
		{1447BCE8-E51B-4075-9E7B-38A3A4879D9E}.Release|Any CPU.ActiveCfg = Release|Any CPU
		{1447BCE8-E51B-4075-9E7B-38A3A4879D9E}.Release|Any CPU.Build.0 = Release|Any CPU
	EndGlobalSection
	GlobalSection(SolutionProperties) = preSolution
		HideSolutionNode = FALSE
	EndGlobalSection
	GlobalSection(ExtensibilityGlobals) = postSolution
		SolutionGuid = {FFDF2C1A-3283-4005-B8B4-80AEE2A891BD}
	EndGlobalSection
EndGlobal
